
Microsoft Visual Studio Solution File, Format Version 12.00
# Visual Studio Version 17
VisualStudioVersion = 17.7.34202.233
MinimumVisualStudioVersion = 10.0.40219.1
Project("{FAE04EC0-301F-11D3-BF4B-00C04F79EFBC}") = "PaymentsAPI", "PaymentsAPI\PaymentsAPI.csproj", "{ACA769CE-71B8-4C50-8E46-B22E05617E46}"
EndProject
Global
	GlobalSection(SolutionConfigurationPlatforms) = preSolution
		Debug|Any CPU = Debug|Any CPU
		Release|Any CPU = Release|Any CPU
	EndGlobalSection
	GlobalSection(ProjectConfigurationPlatforms) = postSolution
		{ACA769CE-71B8-4C50-8E46-B22E05617E46}.Debug|Any CPU.ActiveCfg = Debug|Any CPU
		{ACA769CE-71B8-4C50-8E46-B22E05617E46}.Debug|Any CPU.Build.0 = Debug|Any CPU
		{ACA769CE-71B8-4C50-8E46-B22E05617E46}.Release|Any CPU.ActiveCfg = Release|Any CPU
		{ACA769CE-71B8-4C50-8E46-B22E05617E46}.Release|Any CPU.Build.0 = Release|Any CPU
	EndGlobalSection
	GlobalSection(SolutionProperties) = preSolution
		HideSolutionNode = FALSE
	EndGlobalSection
	GlobalSection(ExtensibilityGlobals) = postSolution
		SolutionGuid = {2CD6E99E-3FD8-43BA-99F3-885ED35DB457}
	EndGlobalSection
EndGlobal
